// !$*UTF8*$!
{
	archiveVersion = 1;
	classes = {
	};
	objectVersion = 46;
	objects = {

/* Begin PBXBuildFile section */
		1A046E2C1B725B9900D25AE5 /* PersonaVC.swift in Sources */ = {isa = PBXBuildFile; fileRef = 1A046E2B1B725B9900D25AE5 /* PersonaVC.swift */; };
		1A046E2E1B725CAE00D25AE5 /* globalConstants.swift in Sources */ = {isa = PBXBuildFile; fileRef = 1A046E2D1B725CAE00D25AE5 /* globalConstants.swift */; };
		1A046E321B7265A900D25AE5 /* RecommendationVC.swift in Sources */ = {isa = PBXBuildFile; fileRef = 1A046E311B7265A900D25AE5 /* RecommendationVC.swift */; };
		1A12D9011A6EE16000DA3617 /* OutfitsContainerVC.swift in Sources */ = {isa = PBXBuildFile; fileRef = 1A12D9001A6EE16000DA3617 /* OutfitsContainerVC.swift */; };
		1A12D9031A6EE18400DA3617 /* OutfitCell.swift in Sources */ = {isa = PBXBuildFile; fileRef = 1A12D9021A6EE18300DA3617 /* OutfitCell.swift */; };
		1A5F4B8F1A93DE82000B9705 /* FacebookSDK.framework in Frameworks */ = {isa = PBXBuildFile; fileRef = 1A5F4B8E1A93DE82000B9705 /* FacebookSDK.framework */; };
		1A5F4B921A93E22F000B9705 /* FBLoginVC.swift in Sources */ = {isa = PBXBuildFile; fileRef = 1A5F4B911A93E22F000B9705 /* FBLoginVC.swift */; };
		1A7B8AA21B5D4BA900C2D552 /* SingleOutfitVC.swift in Sources */ = {isa = PBXBuildFile; fileRef = 1A7B8AA11B5D4BA900C2D552 /* SingleOutfitVC.swift */; };
		1A7B8AA41B5EB44A00C2D552 /* EditClothingView.swift in Sources */ = {isa = PBXBuildFile; fileRef = 1A7B8AA31B5EB44A00C2D552 /* EditClothingView.swift */; };
		1A8CCC1A1ACB1E77001E3AF0 /* Top.swift in Sources */ = {isa = PBXBuildFile; fileRef = 1A8CCC191ACB1E77001E3AF0 /* Top.swift */; };
		1A8CCC1C1ACB22F3001E3AF0 /* ReadWriteCalls.swift in Sources */ = {isa = PBXBuildFile; fileRef = 1A8CCC1B1ACB22F3001E3AF0 /* ReadWriteCalls.swift */; };
		1A8CCC1F1AD05406001E3AF0 /* StackStruct.swift in Sources */ = {isa = PBXBuildFile; fileRef = 1A8CCC1E1AD05406001E3AF0 /* StackStruct.swift */; };
		1A8CCC211AD05F72001E3AF0 /* Outfit.swift in Sources */ = {isa = PBXBuildFile; fileRef = 1A8CCC201AD05F72001E3AF0 /* Outfit.swift */; };
		1A8CCC271AD0601C001E3AF0 /* Bottom.swift in Sources */ = {isa = PBXBuildFile; fileRef = 1A8CCC261AD0601C001E3AF0 /* Bottom.swift */; };
		1A96E9A61A58C66200C23C0E /* OutfitBuilderContainerVC.swift in Sources */ = {isa = PBXBuildFile; fileRef = 1A96E9A51A58C66200C23C0E /* OutfitBuilderContainerVC.swift */; };
		1A96E9A81A58C67E00C23C0E /* PropertiesViewVC.swift in Sources */ = {isa = PBXBuildFile; fileRef = 1A96E9A71A58C67E00C23C0E /* PropertiesViewVC.swift */; };
		1A9C5D1D1B0E50E300B828D9 /* oldFunctions.txt in Resources */ = {isa = PBXBuildFile; fileRef = 1A9C5D1C1B0E50E300B828D9 /* oldFunctions.txt */; };
		1A9C5D201B0E512D00B828D9 /* todo.txt in Resources */ = {isa = PBXBuildFile; fileRef = 1A9C5D1F1B0E512D00B828D9 /* todo.txt */; };
		1A9C5D221B0E6C7C00B828D9 /* majorBugs.txt in Resources */ = {isa = PBXBuildFile; fileRef = 1A9C5D211B0E6C7C00B828D9 /* majorBugs.txt */; };
		1AA3C5771A4601B2008C732C /* AppDelegate.swift in Sources */ = {isa = PBXBuildFile; fileRef = 1AA3C5761A4601B2008C732C /* AppDelegate.swift */; };
		1AA3C57A1A4601B2008C732C /* Curate.xcdatamodeld in Sources */ = {isa = PBXBuildFile; fileRef = 1AA3C5781A4601B2008C732C /* Curate.xcdatamodeld */; };
		1AA3C5811A4601B2008C732C /* Images.xcassets in Resources */ = {isa = PBXBuildFile; fileRef = 1AA3C5801A4601B2008C732C /* Images.xcassets */; };
		1AA3C58D1A4601B2008C732C /* CurateTests.swift in Sources */ = {isa = PBXBuildFile; fileRef = 1AA3C58C1A4601B2008C732C /* CurateTests.swift */; };
		1AA3C5971A46021A008C732C /* RBResizer.swift in Sources */ = {isa = PBXBuildFile; fileRef = 1AA3C5961A46021A008C732C /* RBResizer.swift */; };
		1AA3C5A01A460234008C732C /* WardrobeBuilderVC.swift in Sources */ = {isa = PBXBuildFile; fileRef = 1AA3C5981A460234008C732C /* WardrobeBuilderVC.swift */; };
		1AA3C5A11A460234008C732C /* DraggableViewBackground.swift in Sources */ = {isa = PBXBuildFile; fileRef = 1AA3C5991A460234008C732C /* DraggableViewBackground.swift */; };
		1AA3C5A21A460234008C732C /* DraggableView.swift in Sources */ = {isa = PBXBuildFile; fileRef = 1AA3C59A1A460234008C732C /* DraggableView.swift */; };
		1AA3C5A31A460234008C732C /* OverlayView.swift in Sources */ = {isa = PBXBuildFile; fileRef = 1AA3C59B1A460234008C732C /* OverlayView.swift */; };
		1AA3C5A41A460234008C732C /* OutfitsVC.swift in Sources */ = {isa = PBXBuildFile; fileRef = 1AA3C59C1A460234008C732C /* OutfitsVC.swift */; };
		1AA3C5A61A460234008C732C /* MeasurementsVC.swift in Sources */ = {isa = PBXBuildFile; fileRef = 1AA3C59E1A460234008C732C /* MeasurementsVC.swift */; };
		1AA3C5A71A460234008C732C /* OutfitBuilderVC.swift in Sources */ = {isa = PBXBuildFile; fileRef = 1AA3C59F1A460234008C732C /* OutfitBuilderVC.swift */; };
		1AA3C5A91A460316008C732C /* VNeck in Resources */ = {isa = PBXBuildFile; fileRef = 1AA3C5A81A460316008C732C /* VNeck */; };
		1AA3C5B01A46035A008C732C /* measureTape.jpg in Resources */ = {isa = PBXBuildFile; fileRef = 1AA3C5AE1A46035A008C732C /* measureTape.jpg */; };
		1AA3C5B11A46035A008C732C /* tshirtIcon.jpg in Resources */ = {isa = PBXBuildFile; fileRef = 1AA3C5AF1A46035A008C732C /* tshirtIcon.jpg */; };
		1AA3C5B71A461003008C732C /* SegmentsController.swift in Sources */ = {isa = PBXBuildFile; fileRef = 1AA3C5B61A461003008C732C /* SegmentsController.swift */; };
		1AC9AC4B1AF2E9470090E108 /* AddOutfitView.swift in Sources */ = {isa = PBXBuildFile; fileRef = 1AC9AC4A1AF2E9470090E108 /* AddOutfitView.swift */; };
		1ACC8B101A58C82200093290 /* PropertiesBackView.swift in Sources */ = {isa = PBXBuildFile; fileRef = 1ACC8B0E1A58C82200093290 /* PropertiesBackView.swift */; };
		1ACC8B111A58C82200093290 /* PropertiesFrontView.swift in Sources */ = {isa = PBXBuildFile; fileRef = 1ACC8B0F1A58C82200093290 /* PropertiesFrontView.swift */; };
		1AEC455A1B4B8E4C009D8D9A /* WeatherAPICalls.swift in Sources */ = {isa = PBXBuildFile; fileRef = 1AEC45591B4B8E4C009D8D9A /* WeatherAPICalls.swift */; };
		1AF1A2731ACA3FFF006770D6 /* CurateAPICalls.swift in Sources */ = {isa = PBXBuildFile; fileRef = 1AF1A2721ACA3FFF006770D6 /* CurateAPICalls.swift */; };
		1AF1A27C1ACA41E1006770D6 /* Indexes.swift in Sources */ = {isa = PBXBuildFile; fileRef = 1AF1A2781ACA41E1006770D6 /* Indexes.swift */; };
		1AF1A27D1ACA41E1006770D6 /* Tokens.swift in Sources */ = {isa = PBXBuildFile; fileRef = 1AF1A2791ACA41E1006770D6 /* Tokens.swift */; };
		1AF1A27F1ACA41E1006770D6 /* User.swift in Sources */ = {isa = PBXBuildFile; fileRef = 1AF1A27B1ACA41E1006770D6 /* User.swift */; };
		1AF4B8E51AED30E40007C526 /* Clothing.swift in Sources */ = {isa = PBXBuildFile; fileRef = 1AF4B8E41AED30E40007C526 /* Clothing.swift */; };
		CC4A49C71BA361010024BB54 /* View.xib in Resources */ = {isa = PBXBuildFile; fileRef = CC4A49C61BA361010024BB54 /* View.xib */; };
		CC8691001BA2496500D5BEC7 /* PersonaOutfitsView.swift in Sources */ = {isa = PBXBuildFile; fileRef = CC8690FF1BA2496500D5BEC7 /* PersonaOutfitsView.swift */; };
		CC8691041BA2504200D5BEC7 /* PersonaOverlayView.swift in Sources */ = {isa = PBXBuildFile; fileRef = CC8691031BA2504200D5BEC7 /* PersonaOverlayView.swift */; };
		CCE2D1C71BA087F3008197F4 /* PersonaChoiceView.xib in Resources */ = {isa = PBXBuildFile; fileRef = CCE2D1C61BA087F3008197F4 /* PersonaChoiceView.xib */; };
		CCE2D1C91BA09A1F008197F4 /* PersonaVCwithXib.swift in Sources */ = {isa = PBXBuildFile; fileRef = CCE2D1C81BA09A1F008197F4 /* PersonaVCwithXib.swift */; };
		CCE2D1CB1BA0BE94008197F4 /* PersonaPreferencesView.swift in Sources */ = {isa = PBXBuildFile; fileRef = CCE2D1CA1BA0BE94008197F4 /* PersonaPreferencesView.swift */; };
/* End PBXBuildFile section */

/* Begin PBXContainerItemProxy section */
		1AA3C5871A4601B2008C732C /* PBXContainerItemProxy */ = {
			isa = PBXContainerItemProxy;
			containerPortal = 1AA3C5691A4601B2008C732C /* Project object */;
			proxyType = 1;
			remoteGlobalIDString = 1AA3C5701A4601B2008C732C;
			remoteInfo = Curate;
		};
/* End PBXContainerItemProxy section */

/* Begin PBXFileReference section */
		1A046E2B1B725B9900D25AE5 /* PersonaVC.swift */ = {isa = PBXFileReference; fileEncoding = 4; lastKnownFileType = sourcecode.swift; path = PersonaVC.swift; sourceTree = "<group>"; };
		1A046E2D1B725CAE00D25AE5 /* globalConstants.swift */ = {isa = PBXFileReference; fileEncoding = 4; lastKnownFileType = sourcecode.swift; path = globalConstants.swift; sourceTree = "<group>"; };
		1A046E311B7265A900D25AE5 /* RecommendationVC.swift */ = {isa = PBXFileReference; fileEncoding = 4; lastKnownFileType = sourcecode.swift; path = RecommendationVC.swift; sourceTree = "<group>"; };
		1A12D9001A6EE16000DA3617 /* OutfitsContainerVC.swift */ = {isa = PBXFileReference; fileEncoding = 4; lastKnownFileType = sourcecode.swift; path = OutfitsContainerVC.swift; sourceTree = "<group>"; };
		1A12D9021A6EE18300DA3617 /* OutfitCell.swift */ = {isa = PBXFileReference; fileEncoding = 4; lastKnownFileType = sourcecode.swift; path = OutfitCell.swift; sourceTree = "<group>"; };
		1A5F4B8E1A93DE82000B9705 /* FacebookSDK.framework */ = {isa = PBXFileReference; lastKnownFileType = wrapper.framework; path = FacebookSDK.framework; sourceTree = "<group>"; };
		1A5F4B901A93E015000B9705 /* Bridging-Header.h */ = {isa = PBXFileReference; lastKnownFileType = sourcecode.c.h; path = "Bridging-Header.h"; sourceTree = "<group>"; };
		1A5F4B911A93E22F000B9705 /* FBLoginVC.swift */ = {isa = PBXFileReference; fileEncoding = 4; lastKnownFileType = sourcecode.swift; path = FBLoginVC.swift; sourceTree = "<group>"; };
		1A7B8AA11B5D4BA900C2D552 /* SingleOutfitVC.swift */ = {isa = PBXFileReference; fileEncoding = 4; lastKnownFileType = sourcecode.swift; path = SingleOutfitVC.swift; sourceTree = "<group>"; };
		1A7B8AA31B5EB44A00C2D552 /* EditClothingView.swift */ = {isa = PBXFileReference; fileEncoding = 4; lastKnownFileType = sourcecode.swift; path = EditClothingView.swift; sourceTree = "<group>"; };
		1A8CCC191ACB1E77001E3AF0 /* Top.swift */ = {isa = PBXFileReference; fileEncoding = 4; lastKnownFileType = sourcecode.swift; name = Top.swift; path = Curate/Top.swift; sourceTree = "<group>"; };
		1A8CCC1B1ACB22F3001E3AF0 /* ReadWriteCalls.swift */ = {isa = PBXFileReference; fileEncoding = 4; lastKnownFileType = sourcecode.swift; path = ReadWriteCalls.swift; sourceTree = "<group>"; };
		1A8CCC1E1AD05406001E3AF0 /* StackStruct.swift */ = {isa = PBXFileReference; fileEncoding = 4; lastKnownFileType = sourcecode.swift; name = StackStruct.swift; path = Curate/StackStruct.swift; sourceTree = "<group>"; };
		1A8CCC201AD05F72001E3AF0 /* Outfit.swift */ = {isa = PBXFileReference; fileEncoding = 4; lastKnownFileType = sourcecode.swift; path = Outfit.swift; sourceTree = "<group>"; };
		1A8CCC261AD0601C001E3AF0 /* Bottom.swift */ = {isa = PBXFileReference; fileEncoding = 4; lastKnownFileType = sourcecode.swift; path = Bottom.swift; sourceTree = "<group>"; };
		1A96E9A51A58C66200C23C0E /* OutfitBuilderContainerVC.swift */ = {isa = PBXFileReference; fileEncoding = 4; lastKnownFileType = sourcecode.swift; path = OutfitBuilderContainerVC.swift; sourceTree = "<group>"; };
		1A96E9A71A58C67E00C23C0E /* PropertiesViewVC.swift */ = {isa = PBXFileReference; fileEncoding = 4; lastKnownFileType = sourcecode.swift; path = PropertiesViewVC.swift; sourceTree = "<group>"; };
		1A9C5D1C1B0E50E300B828D9 /* oldFunctions.txt */ = {isa = PBXFileReference; fileEncoding = 4; lastKnownFileType = text; path = oldFunctions.txt; sourceTree = "<group>"; };
		1A9C5D1F1B0E512D00B828D9 /* todo.txt */ = {isa = PBXFileReference; fileEncoding = 4; lastKnownFileType = text; path = todo.txt; sourceTree = "<group>"; };
		1A9C5D211B0E6C7C00B828D9 /* majorBugs.txt */ = {isa = PBXFileReference; fileEncoding = 4; lastKnownFileType = text; path = majorBugs.txt; sourceTree = "<group>"; };
		1AA3C5711A4601B2008C732C /* Curate.app */ = {isa = PBXFileReference; explicitFileType = wrapper.application; includeInIndex = 0; path = Curate.app; sourceTree = BUILT_PRODUCTS_DIR; };
		1AA3C5751A4601B2008C732C /* Info.plist */ = {isa = PBXFileReference; lastKnownFileType = text.plist.xml; path = Info.plist; sourceTree = "<group>"; };
		1AA3C5761A4601B2008C732C /* AppDelegate.swift */ = {isa = PBXFileReference; lastKnownFileType = sourcecode.swift; path = AppDelegate.swift; sourceTree = "<group>"; };
		1AA3C5791A4601B2008C732C /* Curate.xcdatamodel */ = {isa = PBXFileReference; lastKnownFileType = wrapper.xcdatamodel; path = Curate.xcdatamodel; sourceTree = "<group>"; };
		1AA3C5801A4601B2008C732C /* Images.xcassets */ = {isa = PBXFileReference; lastKnownFileType = folder.assetcatalog; path = Images.xcassets; sourceTree = "<group>"; };
		1AA3C5861A4601B2008C732C /* CurateTests.xctest */ = {isa = PBXFileReference; explicitFileType = wrapper.cfbundle; includeInIndex = 0; path = CurateTests.xctest; sourceTree = BUILT_PRODUCTS_DIR; };
		1AA3C58B1A4601B2008C732C /* Info.plist */ = {isa = PBXFileReference; lastKnownFileType = text.plist.xml; path = Info.plist; sourceTree = "<group>"; };
		1AA3C58C1A4601B2008C732C /* CurateTests.swift */ = {isa = PBXFileReference; lastKnownFileType = sourcecode.swift; path = CurateTests.swift; sourceTree = "<group>"; };
		1AA3C5961A46021A008C732C /* RBResizer.swift */ = {isa = PBXFileReference; fileEncoding = 4; lastKnownFileType = sourcecode.swift; path = RBResizer.swift; sourceTree = "<group>"; };
		1AA3C5981A460234008C732C /* WardrobeBuilderVC.swift */ = {isa = PBXFileReference; fileEncoding = 4; lastKnownFileType = sourcecode.swift; path = WardrobeBuilderVC.swift; sourceTree = "<group>"; };
		1AA3C5991A460234008C732C /* DraggableViewBackground.swift */ = {isa = PBXFileReference; fileEncoding = 4; lastKnownFileType = sourcecode.swift; path = DraggableViewBackground.swift; sourceTree = "<group>"; };
		1AA3C59A1A460234008C732C /* DraggableView.swift */ = {isa = PBXFileReference; fileEncoding = 4; lastKnownFileType = sourcecode.swift; path = DraggableView.swift; sourceTree = "<group>"; };
		1AA3C59B1A460234008C732C /* OverlayView.swift */ = {isa = PBXFileReference; fileEncoding = 4; lastKnownFileType = sourcecode.swift; path = OverlayView.swift; sourceTree = "<group>"; };
		1AA3C59C1A460234008C732C /* OutfitsVC.swift */ = {isa = PBXFileReference; fileEncoding = 4; lastKnownFileType = sourcecode.swift; path = OutfitsVC.swift; sourceTree = "<group>"; };
		1AA3C59E1A460234008C732C /* MeasurementsVC.swift */ = {isa = PBXFileReference; fileEncoding = 4; lastKnownFileType = sourcecode.swift; path = MeasurementsVC.swift; sourceTree = "<group>"; };
		1AA3C59F1A460234008C732C /* OutfitBuilderVC.swift */ = {isa = PBXFileReference; fileEncoding = 4; lastKnownFileType = sourcecode.swift; path = OutfitBuilderVC.swift; sourceTree = "<group>"; };
		1AA3C5A81A460316008C732C /* VNeck */ = {isa = PBXFileReference; lastKnownFileType = folder; path = VNeck; sourceTree = "<group>"; };
		1AA3C5AE1A46035A008C732C /* measureTape.jpg */ = {isa = PBXFileReference; lastKnownFileType = image.jpeg; path = measureTape.jpg; sourceTree = "<group>"; };
		1AA3C5AF1A46035A008C732C /* tshirtIcon.jpg */ = {isa = PBXFileReference; lastKnownFileType = image.jpeg; path = tshirtIcon.jpg; sourceTree = "<group>"; };
		1AA3C5B61A461003008C732C /* SegmentsController.swift */ = {isa = PBXFileReference; fileEncoding = 4; lastKnownFileType = sourcecode.swift; path = SegmentsController.swift; sourceTree = "<group>"; };
		1AC9AC4A1AF2E9470090E108 /* AddOutfitView.swift */ = {isa = PBXFileReference; fileEncoding = 4; lastKnownFileType = sourcecode.swift; path = AddOutfitView.swift; sourceTree = "<group>"; };
		1ACC8B0E1A58C82200093290 /* PropertiesBackView.swift */ = {isa = PBXFileReference; fileEncoding = 4; lastKnownFileType = sourcecode.swift; path = PropertiesBackView.swift; sourceTree = "<group>"; };
		1ACC8B0F1A58C82200093290 /* PropertiesFrontView.swift */ = {isa = PBXFileReference; fileEncoding = 4; lastKnownFileType = sourcecode.swift; path = PropertiesFrontView.swift; sourceTree = "<group>"; };
		1AEC45591B4B8E4C009D8D9A /* WeatherAPICalls.swift */ = {isa = PBXFileReference; fileEncoding = 4; lastKnownFileType = sourcecode.swift; path = WeatherAPICalls.swift; sourceTree = "<group>"; };
		1AF1A2721ACA3FFF006770D6 /* CurateAPICalls.swift */ = {isa = PBXFileReference; fileEncoding = 4; lastKnownFileType = sourcecode.swift; path = CurateAPICalls.swift; sourceTree = "<group>"; };
		1AF1A2781ACA41E1006770D6 /* Indexes.swift */ = {isa = PBXFileReference; fileEncoding = 4; lastKnownFileType = sourcecode.swift; path = Indexes.swift; sourceTree = "<group>"; };
		1AF1A2791ACA41E1006770D6 /* Tokens.swift */ = {isa = PBXFileReference; fileEncoding = 4; lastKnownFileType = sourcecode.swift; path = Tokens.swift; sourceTree = "<group>"; };
		1AF1A27B1ACA41E1006770D6 /* User.swift */ = {isa = PBXFileReference; fileEncoding = 4; lastKnownFileType = sourcecode.swift; path = User.swift; sourceTree = "<group>"; };
		1AF4B8E41AED30E40007C526 /* Clothing.swift */ = {isa = PBXFileReference; fileEncoding = 4; lastKnownFileType = sourcecode.swift; path = Clothing.swift; sourceTree = "<group>"; };
		CC4A49C61BA361010024BB54 /* View.xib */ = {isa = PBXFileReference; fileEncoding = 4; lastKnownFileType = file.xib; path = View.xib; sourceTree = "<group>"; };
		CC8690FF1BA2496500D5BEC7 /* PersonaOutfitsView.swift */ = {isa = PBXFileReference; fileEncoding = 4; lastKnownFileType = sourcecode.swift; path = PersonaOutfitsView.swift; sourceTree = "<group>"; };
		CC8691031BA2504200D5BEC7 /* PersonaOverlayView.swift */ = {isa = PBXFileReference; fileEncoding = 4; lastKnownFileType = sourcecode.swift; path = PersonaOverlayView.swift; sourceTree = "<group>"; };
		CCE2D1C61BA087F3008197F4 /* PersonaChoiceView.xib */ = {isa = PBXFileReference; fileEncoding = 4; lastKnownFileType = file.xib; path = PersonaChoiceView.xib; sourceTree = "<group>"; };
		CCE2D1C81BA09A1F008197F4 /* PersonaVCwithXib.swift */ = {isa = PBXFileReference; fileEncoding = 4; lastKnownFileType = sourcecode.swift; path = PersonaVCwithXib.swift; sourceTree = "<group>"; };
		CCE2D1CA1BA0BE94008197F4 /* PersonaPreferencesView.swift */ = {isa = PBXFileReference; fileEncoding = 4; lastKnownFileType = sourcecode.swift; path = PersonaPreferencesView.swift; sourceTree = "<group>"; };
/* End PBXFileReference section */

/* Begin PBXFrameworksBuildPhase section */
		1AA3C56E1A4601B2008C732C /* Frameworks */ = {
			isa = PBXFrameworksBuildPhase;
			buildActionMask = 2147483647;
			files = (
				1A5F4B8F1A93DE82000B9705 /* FacebookSDK.framework in Frameworks */,
			);
			runOnlyForDeploymentPostprocessing = 0;
		};
		1AA3C5831A4601B2008C732C /* Frameworks */ = {
			isa = PBXFrameworksBuildPhase;
			buildActionMask = 2147483647;
			files = (
			);
			runOnlyForDeploymentPostprocessing = 0;
		};
/* End PBXFrameworksBuildPhase section */

/* Begin PBXGroup section */
		1A12D8FF1A6EE04500DA3617 /* Outfits */ = {
			isa = PBXGroup;
			children = (
				1A12D9001A6EE16000DA3617 /* OutfitsContainerVC.swift */,
				1AA3C59C1A460234008C732C /* OutfitsVC.swift */,
				1A12D9021A6EE18300DA3617 /* OutfitCell.swift */,
				1A7B8AA11B5D4BA900C2D552 /* SingleOutfitVC.swift */,
				1A7B8AA31B5EB44A00C2D552 /* EditClothingView.swift */,
			);
			name = Outfits;
			sourceTree = "<group>";
		};
		1A5F4B8D1A93DE55000B9705 /* Frameworks */ = {
			isa = PBXGroup;
			children = (
				1A5F4B8E1A93DE82000B9705 /* FacebookSDK.framework */,
			);
			name = Frameworks;
			sourceTree = "<group>";
		};
		1A8CCC1D1ACB2832001E3AF0 /* GlobalFunctions */ = {
			isa = PBXGroup;
			children = (
				1AA3C5961A46021A008C732C /* RBResizer.swift */,
				1A8CCC1B1ACB22F3001E3AF0 /* ReadWriteCalls.swift */,
				1AF1A2721ACA3FFF006770D6 /* CurateAPICalls.swift */,
				1AEC45591B4B8E4C009D8D9A /* WeatherAPICalls.swift */,
				1A046E2D1B725CAE00D25AE5 /* globalConstants.swift */,
			);
			name = GlobalFunctions;
			sourceTree = "<group>";
		};
		1A9C5D1E1B0E50F100B828D9 /* oldFunctionsAndMiscellaneous */ = {
			isa = PBXGroup;
			children = (
				CCE2D1C41BA08487008197F4 /* OpeningViews */,
				1A9C5D1C1B0E50E300B828D9 /* oldFunctions.txt */,
				1A9C5D1F1B0E512D00B828D9 /* todo.txt */,
				1A9C5D211B0E6C7C00B828D9 /* majorBugs.txt */,
			);
			name = oldFunctionsAndMiscellaneous;
			path = Curate;
			sourceTree = "<group>";
		};
		1AA3C5681A4601B2008C732C = {
			isa = PBXGroup;
			children = (
				1AA3C5731A4601B2008C732C /* Curate */,
				1AA3C5891A4601B2008C732C /* CurateTests */,
				1AA3C5721A4601B2008C732C /* Products */,
				1A5F4B8D1A93DE55000B9705 /* Frameworks */,
				1A9C5D1E1B0E50F100B828D9 /* oldFunctionsAndMiscellaneous */,
			);
			sourceTree = "<group>";
		};
		1AA3C5721A4601B2008C732C /* Products */ = {
			isa = PBXGroup;
			children = (
				1AA3C5711A4601B2008C732C /* Curate.app */,
				1AA3C5861A4601B2008C732C /* CurateTests.xctest */,
			);
			name = Products;
			sourceTree = "<group>";
		};
		1AA3C5731A4601B2008C732C /* Curate */ = {
			isa = PBXGroup;
			children = (
				1AA3C5761A4601B2008C732C /* AppDelegate.swift */,
				1AA3C5B61A461003008C732C /* SegmentsController.swift */,
				1A8CCC1D1ACB2832001E3AF0 /* GlobalFunctions */,
				CCE2D1C51BA0849A008197F4 /* Views */,
				1AA3C5B21A460376008C732C /* ViewControllers */,
				1AA3C5A81A460316008C732C /* VNeck */,
				1AA3C5801A4601B2008C732C /* Images.xcassets */,
				1AA3C5781A4601B2008C732C /* Curate.xcdatamodeld */,
				1AF1A2751ACA4042006770D6 /* DataModelsAndStructures */,
				1AA3C5741A4601B2008C732C /* Supporting Files */,
			);
			path = Curate;
			sourceTree = "<group>";
		};
		1AA3C5741A4601B2008C732C /* Supporting Files */ = {
			isa = PBXGroup;
			children = (
				1AA3C5751A4601B2008C732C /* Info.plist */,
				1A5F4B901A93E015000B9705 /* Bridging-Header.h */,
			);
			name = "Supporting Files";
			sourceTree = "<group>";
		};
		1AA3C5891A4601B2008C732C /* CurateTests */ = {
			isa = PBXGroup;
			children = (
				1AA3C58C1A4601B2008C732C /* CurateTests.swift */,
				1AA3C58A1A4601B2008C732C /* Supporting Files */,
			);
			path = CurateTests;
			sourceTree = "<group>";
		};
		1AA3C58A1A4601B2008C732C /* Supporting Files */ = {
			isa = PBXGroup;
			children = (
				1AA3C58B1A4601B2008C732C /* Info.plist */,
			);
			name = "Supporting Files";
			sourceTree = "<group>";
		};
		1AA3C5B21A460376008C732C /* ViewControllers */ = {
			isa = PBXGroup;
			children = (
				1A046E2B1B725B9900D25AE5 /* PersonaVC.swift */,
				1A046E311B7265A900D25AE5 /* RecommendationVC.swift */,
				1A5F4B911A93E22F000B9705 /* FBLoginVC.swift */,
				1AA3C59E1A460234008C732C /* MeasurementsVC.swift */,
				1AA3C5B31A46039A008C732C /* WardrobeBuilder */,
				1ABDC6621A4D0A8C007D0BE1 /* OutfitBuilder */,
				1A12D8FF1A6EE04500DA3617 /* Outfits */,
				1AA3C5B41A4603BD008C732C /* Icons */,
			);
			name = ViewControllers;
			sourceTree = "<group>";
		};
		1AA3C5B31A46039A008C732C /* WardrobeBuilder */ = {
			isa = PBXGroup;
			children = (
				1AA3C5981A460234008C732C /* WardrobeBuilderVC.swift */,
				1AA3C5991A460234008C732C /* DraggableViewBackground.swift */,
				1AA3C59A1A460234008C732C /* DraggableView.swift */,
				1AA3C59B1A460234008C732C /* OverlayView.swift */,
			);
			name = WardrobeBuilder;
			sourceTree = "<group>";
		};
		1AA3C5B41A4603BD008C732C /* Icons */ = {
			isa = PBXGroup;
			children = (
				1AA3C5AE1A46035A008C732C /* measureTape.jpg */,
				1AA3C5AF1A46035A008C732C /* tshirtIcon.jpg */,
			);
			name = Icons;
			sourceTree = "<group>";
		};
		1ABDC6621A4D0A8C007D0BE1 /* OutfitBuilder */ = {
			isa = PBXGroup;
			children = (
				1A96E9A51A58C66200C23C0E /* OutfitBuilderContainerVC.swift */,
				1AA3C59F1A460234008C732C /* OutfitBuilderVC.swift */,
				1AC9AC4A1AF2E9470090E108 /* AddOutfitView.swift */,
				1ACC8B0E1A58C82200093290 /* PropertiesBackView.swift */,
				1ACC8B0F1A58C82200093290 /* PropertiesFrontView.swift */,
				1A96E9A71A58C67E00C23C0E /* PropertiesViewVC.swift */,
			);
			name = OutfitBuilder;
			sourceTree = "<group>";
		};
		1AF1A2751ACA4042006770D6 /* DataModelsAndStructures */ = {
			isa = PBXGroup;
			children = (
				1A8CCC1E1AD05406001E3AF0 /* StackStruct.swift */,
				1AF1A2781ACA41E1006770D6 /* Indexes.swift */,
				1AF1A2791ACA41E1006770D6 /* Tokens.swift */,
				1AF1A27B1ACA41E1006770D6 /* User.swift */,
				1A8CCC201AD05F72001E3AF0 /* Outfit.swift */,
				1AF4B8E41AED30E40007C526 /* Clothing.swift */,
				1A8CCC191ACB1E77001E3AF0 /* Top.swift */,
				1A8CCC261AD0601C001E3AF0 /* Bottom.swift */,
			);
			name = DataModelsAndStructures;
			path = ..;
			sourceTree = "<group>";
		};
		CC8691011BA24ED800D5BEC7 /* openingViews */ = {
			isa = PBXGroup;
			children = (
				CCE2D1CA1BA0BE94008197F4 /* PersonaPreferencesView.swift */,
				CC8690FF1BA2496500D5BEC7 /* PersonaOutfitsView.swift */,
				CC4A49C61BA361010024BB54 /* View.xib */,
			);
			name = openingViews;
			sourceTree = "<group>";
		};
		CC8691021BA24EEB00D5BEC7 /* wardrobeBuilderViews */ = {
			isa = PBXGroup;
			children = (
				CC8691031BA2504200D5BEC7 /* PersonaOverlayView.swift */,
			);
			name = wardrobeBuilderViews;
			sourceTree = "<group>";
		};
		CCE2D1C41BA08487008197F4 /* OpeningViews */ = {
			isa = PBXGroup;
			children = (
				CCE2D1C81BA09A1F008197F4 /* PersonaVCwithXib.swift */,
				CCE2D1C61BA087F3008197F4 /* PersonaChoiceView.xib */,
			);
			name = OpeningViews;
			sourceTree = "<group>";
		};
		CCE2D1C51BA0849A008197F4 /* Views */ = {
			isa = PBXGroup;
			children = (
				CC8691011BA24ED800D5BEC7 /* openingViews */,
				CC8691021BA24EEB00D5BEC7 /* wardrobeBuilderViews */,
			);
			name = Views;
			sourceTree = "<group>";
		};
/* End PBXGroup section */

/* Begin PBXNativeTarget section */
		1AA3C5701A4601B2008C732C /* Curate */ = {
			isa = PBXNativeTarget;
			buildConfigurationList = 1AA3C5901A4601B2008C732C /* Build configuration list for PBXNativeTarget "Curate" */;
			buildPhases = (
				1AA3C56D1A4601B2008C732C /* Sources */,
				1AA3C56E1A4601B2008C732C /* Frameworks */,
				1AA3C56F1A4601B2008C732C /* Resources */,
			);
			buildRules = (
			);
			dependencies = (
			);
			name = Curate;
			productName = Curate;
			productReference = 1AA3C5711A4601B2008C732C /* Curate.app */;
			productType = "com.apple.product-type.application";
		};
		1AA3C5851A4601B2008C732C /* CurateTests */ = {
			isa = PBXNativeTarget;
			buildConfigurationList = 1AA3C5931A4601B2008C732C /* Build configuration list for PBXNativeTarget "CurateTests" */;
			buildPhases = (
				1AA3C5821A4601B2008C732C /* Sources */,
				1AA3C5831A4601B2008C732C /* Frameworks */,
				1AA3C5841A4601B2008C732C /* Resources */,
			);
			buildRules = (
			);
			dependencies = (
				1AA3C5881A4601B2008C732C /* PBXTargetDependency */,
			);
			name = CurateTests;
			productName = CurateTests;
			productReference = 1AA3C5861A4601B2008C732C /* CurateTests.xctest */;
			productType = "com.apple.product-type.bundle.unit-test";
		};
/* End PBXNativeTarget section */

/* Begin PBXProject section */
		1AA3C5691A4601B2008C732C /* Project object */ = {
			isa = PBXProject;
			attributes = {
				LastUpgradeCheck = 0600;
				ORGANIZATIONNAME = "Kenneth Kuo";
				TargetAttributes = {
					1AA3C5701A4601B2008C732C = {
						CreatedOnToolsVersion = 6.0;
						DevelopmentTeam = JJVKDT7MQK;
					};
					1AA3C5851A4601B2008C732C = {
						CreatedOnToolsVersion = 6.0;
						TestTargetID = 1AA3C5701A4601B2008C732C;
					};
				};
			};
			buildConfigurationList = 1AA3C56C1A4601B2008C732C /* Build configuration list for PBXProject "Curate" */;
			compatibilityVersion = "Xcode 3.2";
			developmentRegion = English;
			hasScannedForEncodings = 0;
			knownRegions = (
				en,
				Base,
			);
			mainGroup = 1AA3C5681A4601B2008C732C;
			productRefGroup = 1AA3C5721A4601B2008C732C /* Products */;
			projectDirPath = "";
			projectRoot = "";
			targets = (
				1AA3C5701A4601B2008C732C /* Curate */,
				1AA3C5851A4601B2008C732C /* CurateTests */,
			);
		};
/* End PBXProject section */

/* Begin PBXResourcesBuildPhase section */
		1AA3C56F1A4601B2008C732C /* Resources */ = {
			isa = PBXResourcesBuildPhase;
			buildActionMask = 2147483647;
			files = (
				1AA3C5B11A46035A008C732C /* tshirtIcon.jpg in Resources */,
				1AA3C5A91A460316008C732C /* VNeck in Resources */,
				1AA3C5B01A46035A008C732C /* measureTape.jpg in Resources */,
				1A9C5D1D1B0E50E300B828D9 /* oldFunctions.txt in Resources */,
				CC4A49C71BA361010024BB54 /* View.xib in Resources */,
				CCE2D1C71BA087F3008197F4 /* PersonaChoiceView.xib in Resources */,
				1A9C5D201B0E512D00B828D9 /* todo.txt in Resources */,
				1AA3C5811A4601B2008C732C /* Images.xcassets in Resources */,
				1A9C5D221B0E6C7C00B828D9 /* majorBugs.txt in Resources */,
			);
			runOnlyForDeploymentPostprocessing = 0;
		};
		1AA3C5841A4601B2008C732C /* Resources */ = {
			isa = PBXResourcesBuildPhase;
			buildActionMask = 2147483647;
			files = (
			);
			runOnlyForDeploymentPostprocessing = 0;
		};
/* End PBXResourcesBuildPhase section */

/* Begin PBXSourcesBuildPhase section */
		1AA3C56D1A4601B2008C732C /* Sources */ = {
			isa = PBXSourcesBuildPhase;
			buildActionMask = 2147483647;
			files = (
				1A8CCC1F1AD05406001E3AF0 /* StackStruct.swift in Sources */,
				1AA3C5A21A460234008C732C /* DraggableView.swift in Sources */,
				1AA3C5A31A460234008C732C /* OverlayView.swift in Sources */,
				1A5F4B921A93E22F000B9705 /* FBLoginVC.swift in Sources */,
				1ACC8B101A58C82200093290 /* PropertiesBackView.swift in Sources */,
				1A7B8AA21B5D4BA900C2D552 /* SingleOutfitVC.swift in Sources */,
				1AA3C5A11A460234008C732C /* DraggableViewBackground.swift in Sources */,
				1A8CCC211AD05F72001E3AF0 /* Outfit.swift in Sources */,
				1AA3C5A41A460234008C732C /* OutfitsVC.swift in Sources */,
				1A12D9031A6EE18400DA3617 /* OutfitCell.swift in Sources */,
				CC8691041BA2504200D5BEC7 /* PersonaOverlayView.swift in Sources */,
				1A8CCC271AD0601C001E3AF0 /* Bottom.swift in Sources */,
				1A046E2C1B725B9900D25AE5 /* PersonaVC.swift in Sources */,
				1ACC8B111A58C82200093290 /* PropertiesFrontView.swift in Sources */,
				CCE2D1CB1BA0BE94008197F4 /* PersonaPreferencesView.swift in Sources */,
				1AC9AC4B1AF2E9470090E108 /* AddOutfitView.swift in Sources */,
				1AA3C5771A4601B2008C732C /* AppDelegate.swift in Sources */,
				1AA3C5A01A460234008C732C /* WardrobeBuilderVC.swift in Sources */,
				1AF1A2731ACA3FFF006770D6 /* CurateAPICalls.swift in Sources */,
				1AA3C5971A46021A008C732C /* RBResizer.swift in Sources */,
				1AEC455A1B4B8E4C009D8D9A /* WeatherAPICalls.swift in Sources */,
				1A046E2E1B725CAE00D25AE5 /* globalConstants.swift in Sources */,
				1A96E9A61A58C66200C23C0E /* OutfitBuilderContainerVC.swift in Sources */,
				1AA3C5A61A460234008C732C /* MeasurementsVC.swift in Sources */,
				1AA3C57A1A4601B2008C732C /* Curate.xcdatamodeld in Sources */,
				CCE2D1C91BA09A1F008197F4 /* PersonaVCwithXib.swift in Sources */,
				1AA3C5B71A461003008C732C /* SegmentsController.swift in Sources */,
				1AF1A27C1ACA41E1006770D6 /* Indexes.swift in Sources */,
				1A12D9011A6EE16000DA3617 /* OutfitsContainerVC.swift in Sources */,
				1AA3C5A71A460234008C732C /* OutfitBuilderVC.swift in Sources */,
				1A8CCC1A1ACB1E77001E3AF0 /* Top.swift in Sources */,
				1A96E9A81A58C67E00C23C0E /* PropertiesViewVC.swift in Sources */,
				1AF4B8E51AED30E40007C526 /* Clothing.swift in Sources */,
				1A046E321B7265A900D25AE5 /* RecommendationVC.swift in Sources */,
				1A8CCC1C1ACB22F3001E3AF0 /* ReadWriteCalls.swift in Sources */,
				CC8691001BA2496500D5BEC7 /* PersonaOutfitsView.swift in Sources */,
				1AF1A27D1ACA41E1006770D6 /* Tokens.swift in Sources */,
				1A7B8AA41B5EB44A00C2D552 /* EditClothingView.swift in Sources */,
				1AF1A27F1ACA41E1006770D6 /* User.swift in Sources */,
			);
			runOnlyForDeploymentPostprocessing = 0;
		};
		1AA3C5821A4601B2008C732C /* Sources */ = {
			isa = PBXSourcesBuildPhase;
			buildActionMask = 2147483647;
			files = (
				1AA3C58D1A4601B2008C732C /* CurateTests.swift in Sources */,
			);
			runOnlyForDeploymentPostprocessing = 0;
		};
/* End PBXSourcesBuildPhase section */

/* Begin PBXTargetDependency section */
		1AA3C5881A4601B2008C732C /* PBXTargetDependency */ = {
			isa = PBXTargetDependency;
			target = 1AA3C5701A4601B2008C732C /* Curate */;
			targetProxy = 1AA3C5871A4601B2008C732C /* PBXContainerItemProxy */;
		};
/* End PBXTargetDependency section */

/* Begin XCBuildConfiguration section */
		1AA3C58E1A4601B2008C732C /* Debug */ = {
			isa = XCBuildConfiguration;
			buildSettings = {
				ALWAYS_SEARCH_USER_PATHS = NO;
				CLANG_CXX_LANGUAGE_STANDARD = "gnu++0x";
				CLANG_CXX_LIBRARY = "libc++";
				CLANG_ENABLE_MODULES = YES;
				CLANG_ENABLE_OBJC_ARC = YES;
				CLANG_WARN_BOOL_CONVERSION = YES;
				CLANG_WARN_CONSTANT_CONVERSION = YES;
				CLANG_WARN_DIRECT_OBJC_ISA_USAGE = YES_ERROR;
				CLANG_WARN_EMPTY_BODY = YES;
				CLANG_WARN_ENUM_CONVERSION = YES;
				CLANG_WARN_INT_CONVERSION = YES;
				CLANG_WARN_OBJC_ROOT_CLASS = YES_ERROR;
				CLANG_WARN_UNREACHABLE_CODE = YES;
				CLANG_WARN__DUPLICATE_METHOD_MATCH = YES;
				"CODE_SIGN_IDENTITY[sdk=iphoneos*]" = "iPhone Developer";
				COPY_PHASE_STRIP = NO;
				ENABLE_STRICT_OBJC_MSGSEND = YES;
				GCC_C_LANGUAGE_STANDARD = gnu99;
				GCC_DYNAMIC_NO_PIC = NO;
				GCC_OPTIMIZATION_LEVEL = 0;
				GCC_PREPROCESSOR_DEFINITIONS = (
					"DEBUG=1",
					"$(inherited)",
				);
				GCC_SYMBOLS_PRIVATE_EXTERN = NO;
				GCC_WARN_64_TO_32_BIT_CONVERSION = YES;
				GCC_WARN_ABOUT_RETURN_TYPE = YES_ERROR;
				GCC_WARN_UNDECLARED_SELECTOR = YES;
				GCC_WARN_UNINITIALIZED_AUTOS = YES_AGGRESSIVE;
				GCC_WARN_UNUSED_FUNCTION = YES;
				GCC_WARN_UNUSED_VARIABLE = YES;
				IPHONEOS_DEPLOYMENT_TARGET = 8.0;
				MTL_ENABLE_DEBUG_INFO = YES;
				ONLY_ACTIVE_ARCH = YES;
				SDKROOT = iphoneos;
				SWIFT_OPTIMIZATION_LEVEL = "-Onone";
			};
			name = Debug;
		};
		1AA3C58F1A4601B2008C732C /* Release */ = {
			isa = XCBuildConfiguration;
			buildSettings = {
				ALWAYS_SEARCH_USER_PATHS = NO;
				CLANG_CXX_LANGUAGE_STANDARD = "gnu++0x";
				CLANG_CXX_LIBRARY = "libc++";
				CLANG_ENABLE_MODULES = YES;
				CLANG_ENABLE_OBJC_ARC = YES;
				CLANG_WARN_BOOL_CONVERSION = YES;
				CLANG_WARN_CONSTANT_CONVERSION = YES;
				CLANG_WARN_DIRECT_OBJC_ISA_USAGE = YES_ERROR;
				CLANG_WARN_EMPTY_BODY = YES;
				CLANG_WARN_ENUM_CONVERSION = YES;
				CLANG_WARN_INT_CONVERSION = YES;
				CLANG_WARN_OBJC_ROOT_CLASS = YES_ERROR;
				CLANG_WARN_UNREACHABLE_CODE = YES;
				CLANG_WARN__DUPLICATE_METHOD_MATCH = YES;
				"CODE_SIGN_IDENTITY[sdk=iphoneos*]" = "iPhone Developer";
				COPY_PHASE_STRIP = YES;
				ENABLE_NS_ASSERTIONS = NO;
				ENABLE_STRICT_OBJC_MSGSEND = YES;
				GCC_C_LANGUAGE_STANDARD = gnu99;
				GCC_WARN_64_TO_32_BIT_CONVERSION = YES;
				GCC_WARN_ABOUT_RETURN_TYPE = YES_ERROR;
				GCC_WARN_UNDECLARED_SELECTOR = YES;
				GCC_WARN_UNINITIALIZED_AUTOS = YES_AGGRESSIVE;
				GCC_WARN_UNUSED_FUNCTION = YES;
				GCC_WARN_UNUSED_VARIABLE = YES;
				IPHONEOS_DEPLOYMENT_TARGET = 8.0;
				MTL_ENABLE_DEBUG_INFO = NO;
				SDKROOT = iphoneos;
				VALIDATE_PRODUCT = YES;
			};
			name = Release;
		};
		1AA3C5911A4601B2008C732C /* Debug */ = {
			isa = XCBuildConfiguration;
			buildSettings = {
				ASSETCATALOG_COMPILER_APPICON_NAME = AppIcon;
				ASSETCATALOG_COMPILER_LAUNCHIMAGE_NAME = LaunchImage;
				CODE_SIGN_IDENTITY = "iPhone Developer";
				"CODE_SIGN_IDENTITY[sdk=iphoneos*]" = "iPhone Developer";
				FRAMEWORK_SEARCH_PATHS = (
					"$(inherited)",
					"$(PROJECT_DIR)",
				);
				INFOPLIST_FILE = Curate/Info.plist;
				IPHONEOS_DEPLOYMENT_TARGET = 8.4;
				LD_RUNPATH_SEARCH_PATHS = "$(inherited) @executable_path/Frameworks";
				PRODUCT_NAME = "$(TARGET_NAME)";
				PROVISIONING_PROFILE = "";
				SWIFT_OBJC_BRIDGING_HEADER = "Curate/Bridging-Header.h";
				SWIFT_OPTIMIZATION_LEVEL = "-Onone";
			};
			name = Debug;
		};
		1AA3C5921A4601B2008C732C /* Release */ = {
			isa = XCBuildConfiguration;
			buildSettings = {
				ASSETCATALOG_COMPILER_APPICON_NAME = AppIcon;
				ASSETCATALOG_COMPILER_LAUNCHIMAGE_NAME = LaunchImage;
				CODE_SIGN_IDENTITY = "iPhone Developer";
				"CODE_SIGN_IDENTITY[sdk=iphoneos*]" = "iPhone Developer";
				FRAMEWORK_SEARCH_PATHS = (
					"$(inherited)",
					"$(PROJECT_DIR)",
				);
				GCC_OPTIMIZATION_LEVEL = 0;
				INFOPLIST_FILE = Curate/Info.plist;
				IPHONEOS_DEPLOYMENT_TARGET = 8.4;
				LD_RUNPATH_SEARCH_PATHS = "$(inherited) @executable_path/Frameworks";
				PRODUCT_NAME = "$(TARGET_NAME)";
				PROVISIONING_PROFILE = "";
				SWIFT_OBJC_BRIDGING_HEADER = "Curate/Bridging-Header.h";
				SWIFT_OPTIMIZATION_LEVEL = "-Onone";
			};
			name = Release;
		};
		1AA3C5941A4601B2008C732C /* Debug */ = {
			isa = XCBuildConfiguration;
			buildSettings = {
				BUNDLE_LOADER = "$(TEST_HOST)";
				FRAMEWORK_SEARCH_PATHS = (
					"$(SDKROOT)/Developer/Library/Frameworks",
					"$(inherited)",
				);
				GCC_PREPROCESSOR_DEFINITIONS = (
					"DEBUG=1",
					"$(inherited)",
				);
				INFOPLIST_FILE = CurateTests/Info.plist;
				LD_RUNPATH_SEARCH_PATHS = "$(inherited) @executable_path/Frameworks @loader_path/Frameworks";
				PRODUCT_NAME = "$(TARGET_NAME)";
				TEST_HOST = "$(BUILT_PRODUCTS_DIR)/Curate.app/Curate";
			};
			name = Debug;
		};
		1AA3C5951A4601B2008C732C /* Release */ = {
			isa = XCBuildConfiguration;
			buildSettings = {
				BUNDLE_LOADER = "$(TEST_HOST)";
				FRAMEWORK_SEARCH_PATHS = (
					"$(SDKROOT)/Developer/Library/Frameworks",
					"$(inherited)",
				);
				INFOPLIST_FILE = CurateTests/Info.plist;
				LD_RUNPATH_SEARCH_PATHS = "$(inherited) @executable_path/Frameworks @loader_path/Frameworks";
				PRODUCT_NAME = "$(TARGET_NAME)";
				TEST_HOST = "$(BUILT_PRODUCTS_DIR)/Curate.app/Curate";
			};
			name = Release;
		};
/* End XCBuildConfiguration section */

/* Begin XCConfigurationList section */
		1AA3C56C1A4601B2008C732C /* Build configuration list for PBXProject "Curate" */ = {
			isa = XCConfigurationList;
			buildConfigurations = (
				1AA3C58E1A4601B2008C732C /* Debug */,
				1AA3C58F1A4601B2008C732C /* Release */,
			);
			defaultConfigurationIsVisible = 0;
			defaultConfigurationName = Release;
		};
		1AA3C5901A4601B2008C732C /* Build configuration list for PBXNativeTarget "Curate" */ = {
			isa = XCConfigurationList;
			buildConfigurations = (
				1AA3C5911A4601B2008C732C /* Debug */,
				1AA3C5921A4601B2008C732C /* Release */,
			);
			defaultConfigurationIsVisible = 0;
			defaultConfigurationName = Release;
		};
		1AA3C5931A4601B2008C732C /* Build configuration list for PBXNativeTarget "CurateTests" */ = {
			isa = XCConfigurationList;
			buildConfigurations = (
				1AA3C5941A4601B2008C732C /* Debug */,
				1AA3C5951A4601B2008C732C /* Release */,
			);
			defaultConfigurationIsVisible = 0;
			defaultConfigurationName = Release;
		};
/* End XCConfigurationList section */

/* Begin XCVersionGroup section */
		1AA3C5781A4601B2008C732C /* Curate.xcdatamodeld */ = {
			isa = XCVersionGroup;
			children = (
				1AA3C5791A4601B2008C732C /* Curate.xcdatamodel */,
			);
			currentVersion = 1AA3C5791A4601B2008C732C /* Curate.xcdatamodel */;
			path = Curate.xcdatamodeld;
			sourceTree = "<group>";
			versionGroupType = wrapper.xcdatamodel;
		};
/* End XCVersionGroup section */
	};
	rootObject = 1AA3C5691A4601B2008C732C /* Project object */;
}
